// !$*UTF8*$!
{
	archiveVersion = 1;
	classes = {
	};
	objectVersion = 77;
	objects = {

/* Begin PBXBuildFile section */
		981C23EB2FFB41FC0070E6E4 /* ContainerAPIClient in Frameworks */ = {isa = PBXBuildFile; productRef = 981C23EA2FFB41FC0070E6E4 /* ContainerAPIClient */; };
		981C23ED2FFB41FC0070E6E4 /* ContainerAPIService in Frameworks */ = {isa = PBXBuildFile; productRef = 981C23EC2FFB41FC0070E6E4 /* ContainerAPIService */; };
		981C23EF2FFB41FC0070E6E4 /* ContainerBuild in Frameworks */ = {isa = PBXBuildFile; productRef = 981C23EE2FFB41FC0070E6E4 /* ContainerBuild */; };
		981C23F12FFB41FC0070E6E4 /* ContainerCommands in Frameworks */ = {isa = PBXBuildFile; productRef = 981C23F02FFB41FC0070E6E4 /* ContainerCommands */; };
		981C23F32FFB41FC0070E6E4 /* ContainerImagesService in Frameworks */ = {isa = PBXBuildFile; productRef = 981C23F22FFB41FC0070E6E4 /* ContainerImagesService */; };
		981C23F52FFB41FC0070E6E4 /* ContainerLog in Frameworks */ = {isa = PBXBuildFile; productRef = 981C23F42FFB41FC0070E6E4 /* ContainerLog */; };
		981C23F72FFB41FC0070E6E4 /* ContainerNetworkClient in Frameworks */ = {isa = PBXBuildFile; productRef = 981C23F62FFB41FC0070E6E4 /* ContainerNetworkClient */; };
		981C23F92FFB41FC0070E6E4 /* ContainerNetworkServer in Frameworks */ = {isa = PBXBuildFile; productRef = 981C23F82FFB41FC0070E6E4 /* ContainerNetworkServer */; };
		981C23FB2FFB41FC0070E6E4 /* ContainerNetworkVmnetServer in Frameworks */ = {isa = PBXBuildFile; productRef = 981C23FA2FFB41FC0070E6E4 /* ContainerNetworkVmnetServer */; };
		981C23FD2FFB41FC0070E6E4 /* ContainerOS in Frameworks */ = {isa = PBXBuildFile; productRef = 981C23FC2FFB41FC0070E6E4 /* ContainerOS */; };
		981C23FF2FFB41FC0070E6E4 /* ContainerPersistence in Frameworks */ = {isa = PBXBuildFile; productRef = 981C23FE2FFB41FC0070E6E4 /* ContainerPersistence */; };
		981C24012FFB41FC0070E6E4 /* ContainerPlugin in Frameworks */ = {isa = PBXBuildFile; productRef = 981C24002FFB41FC0070E6E4 /* ContainerPlugin */; };
		981C24032FFB41FC0070E6E4 /* ContainerResource in Frameworks */ = {isa = PBXBuildFile; productRef = 981C24022FFB41FC0070E6E4 /* ContainerResource */; };
		981C24052FFB41FC0070E6E4 /* ContainerRuntimeClient in Frameworks */ = {isa = PBXBuildFile; productRef = 981C24042FFB41FC0070E6E4 /* ContainerRuntimeClient */; };
		981C24072FFB41FC0070E6E4 /* ContainerRuntimeLinuxClient in Frameworks */ = {isa = PBXBuildFile; productRef = 981C24062FFB41FC0070E6E4 /* ContainerRuntimeLinuxClient */; };
		981C24092FFB41FC0070E6E4 /* ContainerRuntimeLinuxServer in Frameworks */ = {isa = PBXBuildFile; productRef = 981C24082FFB41FC0070E6E4 /* ContainerRuntimeLinuxServer */; };
		981C240B2FFB41FC0070E6E4 /* ContainerVersion in Frameworks */ = {isa = PBXBuildFile; productRef = 981C240A2FFB41FC0070E6E4 /* ContainerVersion */; };
		981C240D2FFB41FC0070E6E4 /* ContainerXPC in Frameworks */ = {isa = PBXBuildFile; productRef = 981C240C2FFB41FC0070E6E4 /* ContainerXPC */; };
		981C240F2FFB41FC0070E6E4 /* MachineAPIClient in Frameworks */ = {isa = PBXBuildFile; productRef = 981C240E2FFB41FC0070E6E4 /* MachineAPIClient */; };
		981C24112FFB41FC0070E6E4 /* MachineAPIService in Frameworks */ = {isa = PBXBuildFile; productRef = 981C24102FFB41FC0070E6E4 /* MachineAPIService */; };
		981C24132FFB41FC0070E6E4 /* SocketForwarder in Frameworks */ = {isa = PBXBuildFile; productRef = 981C24122FFB41FC0070E6E4 /* SocketForwarder */; };
		981C24152FFB41FC0070E6E4 /* TerminalProgress in Frameworks */ = {isa = PBXBuildFile; productRef = 981C24142FFB41FC0070E6E4 /* TerminalProgress */; };
		981C24162FFB42A60070E6E4 /* ContainerImagesService in Frameworks */ = {isa = PBXBuildFile; productRef = 98F2D4D82E6BF5A300633147 /* ContainerImagesService */; };
		981C24172FFB42A60070E6E4 /* ContainerLog in Frameworks */ = {isa = PBXBuildFile; productRef = 98F2D4DA2E6BF5A300633147 /* ContainerLog */; };
		981C24182FFB42A60070E6E4 /* ContainerPersistence in Frameworks */ = {isa = PBXBuildFile; productRef = 98F2D4DE2E6BF5A300633147 /* ContainerPersistence */; };
		981C24192FFB42A60070E6E4 /* ContainerPlugin in Frameworks */ = {isa = PBXBuildFile; productRef = 98F2D4E02E6BF5A300633147 /* ContainerPlugin */; };
		981C241A2FFB42A60070E6E4 /* ContainerVersion in Frameworks */ = {isa = PBXBuildFile; productRef = 98F2D4E42E6BF5A300633147 /* ContainerVersion */; };
		981C241B2FFB42A60070E6E4 /* ContainerXPC in Frameworks */ = {isa = PBXBuildFile; productRef = 98F2D4E62E6BF5A300633147 /* ContainerXPC */; };
		981C241C2FFB42A60070E6E4 /* SocketForwarder in Frameworks */ = {isa = PBXBuildFile; productRef = 98F2D4E82E6BF5A300633147 /* SocketForwarder */; };
		981C241D2FFB42A60070E6E4 /* ContainerAPIService in Frameworks */ = {isa = PBXBuildFile; productRef = 98EB540B2E8CD3A900AC749B /* ContainerAPIService */; };
		981C241E2FFB42A60070E6E4 /* ContainerCommands in Frameworks */ = {isa = PBXBuildFile; productRef = 98EB54112E8CD3A900AC749B /* ContainerCommands */; };
		981C241F2FFB42A60070E6E4 /* ContainerImagesService in Frameworks */ = {isa = PBXBuildFile; productRef = 98EB54132E8CD3A900AC749B /* ContainerImagesService */; };
		981C24202FFB42A60070E6E4 /* ContainerLog in Frameworks */ = {isa = PBXBuildFile; productRef = 98EB54152E8CD3A900AC749B /* ContainerLog */; };
		981C24212FFB42A60070E6E4 /* ContainerPersistence in Frameworks */ = {isa = PBXBuildFile; productRef = 98EB54192E8CD3A900AC749B /* ContainerPersistence */; };
		981C24222FFB42A60070E6E4 /* ContainerPlugin in Frameworks */ = {isa = PBXBuildFile; productRef = 98EB541B2E8CD3A900AC749B /* ContainerPlugin */; };
		981C24232FFB42A60070E6E4 /* ContainerVersion in Frameworks */ = {isa = PBXBuildFile; productRef = 98EB541F2E8CD3A900AC749B /* ContainerVersion */; };
		981C24242FFB42A60070E6E4 /* ContainerXPC in Frameworks */ = {isa = PBXBuildFile; productRef = 98EB54212E8CD3A900AC749B /* ContainerXPC */; };
		981C24252FFB42A60070E6E4 /* SocketForwarder in Frameworks */ = {isa = PBXBuildFile; productRef = 98EB54232E8CD3A900AC749B /* SocketForwarder */; };
		981C24262FFB42A60070E6E4 /* ContainerAPIClient in Frameworks */ = {isa = PBXBuildFile; productRef = 98AFA3592FF9F66C0044EC75 /* ContainerAPIClient */; };
		981C24272FFB42A60070E6E4 /* ContainerAPIService in Frameworks */ = {isa = PBXBuildFile; productRef = 98AFA35B2FF9F66C0044EC75 /* ContainerAPIService */; };
		981C24282FFB42A60070E6E4 /* ContainerBuild in Frameworks */ = {isa = PBXBuildFile; productRef = 98AFA35D2FF9F66C0044EC75 /* ContainerBuild */; };
		981C24292FFB42A60070E6E4 /* ContainerCommands in Frameworks */ = {isa = PBXBuildFile; productRef = 98AFA35F2FF9F66C0044EC75 /* ContainerCommands */; };
		981C242A2FFB42A60070E6E4 /* ContainerImagesService in Frameworks */ = {isa = PBXBuildFile; productRef = 98AFA3612FF9F66C0044EC75 /* ContainerImagesService */; };
		981C242B2FFB42A60070E6E4 /* ContainerLog in Frameworks */ = {isa = PBXBuildFile; productRef = 98AFA3632FF9F66C0044EC75 /* ContainerLog */; };
		981C242C2FFB42A60070E6E4 /* ContainerNetworkClient in Frameworks */ = {isa = PBXBuildFile; productRef = 98AFA3652FF9F66C0044EC75 /* ContainerNetworkClient */; };
		981C242D2FFB42A60070E6E4 /* ContainerNetworkServer in Frameworks */ = {isa = PBXBuildFile; productRef = 98AFA3672FF9F66C0044EC75 /* ContainerNetworkServer */; };
		981C242E2FFB42A60070E6E4 /* ContainerNetworkVmnetServer in Frameworks */ = {isa = PBXBuildFile; productRef = 98AFA3692FF9F66C0044EC75 /* ContainerNetworkVmnetServer */; };
		981C242F2FFB42A60070E6E4 /* ContainerOS in Frameworks */ = {isa = PBXBuildFile; productRef = 98AFA36B2FF9F66C0044EC75 /* ContainerOS */; };
		981C24302FFB42A60070E6E4 /* ContainerPersistence in Frameworks */ = {isa = PBXBuildFile; productRef = 98AFA36D2FF9F66C0044EC75 /* ContainerPersistence */; };
		981C24312FFB42A60070E6E4 /* ContainerPlugin in Frameworks */ = {isa = PBXBuildFile; productRef = 98AFA36F2FF9F66C0044EC75 /* ContainerPlugin */; };
		981C24322FFB42A60070E6E4 /* ContainerResource in Frameworks */ = {isa = PBXBuildFile; productRef = 98AFA3712FF9F66C0044EC75 /* ContainerResource */; };
		981C24332FFB42A60070E6E4 /* ContainerRuntimeClient in Frameworks */ = {isa = PBXBuildFile; productRef = 98AFA3732FF9F66C0044EC75 /* ContainerRuntimeClient */; };
		981C24342FFB42A60070E6E4 /* ContainerRuntimeLinuxClient in Frameworks */ = {isa = PBXBuildFile; productRef = 98AFA3752FF9F66C0044EC75 /* ContainerRuntimeLinuxClient */; };
		981C24352FFB42A60070E6E4 /* ContainerRuntimeLinuxServer in Frameworks */ = {isa = PBXBuildFile; productRef = 98AFA3772FF9F66C0044EC75 /* ContainerRuntimeLinuxServer */; };
		981C24362FFB42A60070E6E4 /* ContainerVersion in Frameworks */ = {isa = PBXBuildFile; productRef = 98AFA3792FF9F66C0044EC75 /* ContainerVersion */; };
		981C24372FFB42A60070E6E4 /* ContainerXPC in Frameworks */ = {isa = PBXBuildFile; productRef = 98AFA37B2FF9F66C0044EC75 /* ContainerXPC */; };
		981C24382FFB42A60070E6E4 /* MachineAPIClient in Frameworks */ = {isa = PBXBuildFile; productRef = 98AFA37D2FF9F66C0044EC75 /* MachineAPIClient */; };
		981C24392FFB42A60070E6E4 /* MachineAPIService in Frameworks */ = {isa = PBXBuildFile; productRef = 98AFA37F2FF9F66C0044EC75 /* MachineAPIService */; };
		981C243A2FFB42A60070E6E4 /* SocketForwarder in Frameworks */ = {isa = PBXBuildFile; productRef = 98AFA3812FF9F66C0044EC75 /* SocketForwarder */; };
		981C243B2FFB42A60070E6E4 /* TerminalProgress in Frameworks */ = {isa = PBXBuildFile; productRef = 98AFA3832FF9F66C0044EC75 /* TerminalProgress */; };
		981C24C52FFB42EC0070E6E4 /* DockerComposeParser in Frameworks */ = {isa = PBXBuildFile; productRef = 981C24C42FFB42EC0070E6E4 /* DockerComposeParser */; };
/* End PBXBuildFile section */

/* Begin PBXFileReference section */
		9829EC422E17BA3C00A9F8D3 /* AppleContainerDesktop.app */ = {isa = PBXFileReference; explicitFileType = wrapper.application; includeInIndex = 0; path = AppleContainerDesktop.app; sourceTree = BUILT_PRODUCTS_DIR; };
		983B3D142E71389C005E1934 /* .gitignore */ = {isa = PBXFileReference; lastKnownFileType = text; path = .gitignore; sourceTree = "<group>"; };
		983B3D152E71389C005E1934 /* LICENSE */ = {isa = PBXFileReference; lastKnownFileType = text; path = LICENSE; sourceTree = "<group>"; };
		9860436E2E6D4A8700FA9B43 /* README.md */ = {isa = PBXFileReference; lastKnownFileType = net.daringfireball.markdown; path = README.md; sourceTree = "<group>"; };
/* End PBXFileReference section */

/* Begin PBXFileSystemSynchronizedRootGroup section */
		9829EC442E17BA3C00A9F8D3 /* AppleContainerDesktop */ = {
			isa = PBXFileSystemSynchronizedRootGroup;
			path = AppleContainerDesktop;
			sourceTree = "<group>";
		};
		9863C6DD2E711F3900C4AE3C /* ReadmeAssets */ = {
			isa = PBXFileSystemSynchronizedRootGroup;
			path = ReadmeAssets;
			sourceTree = "<group>";
		};
/* End PBXFileSystemSynchronizedRootGroup section */

/* Begin PBXFrameworksBuildPhase section */
		9829EC3F2E17BA3C00A9F8D3 /* Frameworks */ = {
			isa = PBXFrameworksBuildPhase;
			buildActionMask = 2147483647;
			files = (
				981C243B2FFB42A60070E6E4 /* TerminalProgress in Frameworks */,
				981C243A2FFB42A60070E6E4 /* SocketForwarder in Frameworks */,
				981C24392FFB42A60070E6E4 /* MachineAPIService in Frameworks */,
				981C24382FFB42A60070E6E4 /* MachineAPIClient in Frameworks */,
				981C24372FFB42A60070E6E4 /* ContainerXPC in Frameworks */,
				981C24362FFB42A60070E6E4 /* ContainerVersion in Frameworks */,
				981C24352FFB42A60070E6E4 /* ContainerRuntimeLinuxServer in Frameworks */,
				981C24342FFB42A60070E6E4 /* ContainerRuntimeLinuxClient in Frameworks */,
				981C24332FFB42A60070E6E4 /* ContainerRuntimeClient in Frameworks */,
				981C24322FFB42A60070E6E4 /* ContainerResource in Frameworks */,
				981C24312FFB42A60070E6E4 /* ContainerPlugin in Frameworks */,
				981C24302FFB42A60070E6E4 /* ContainerPersistence in Frameworks */,
				981C242F2FFB42A60070E6E4 /* ContainerOS in Frameworks */,
				981C242E2FFB42A60070E6E4 /* ContainerNetworkVmnetServer in Frameworks */,
				981C242D2FFB42A60070E6E4 /* ContainerNetworkServer in Frameworks */,
				981C242C2FFB42A60070E6E4 /* ContainerNetworkClient in Frameworks */,
				981C242B2FFB42A60070E6E4 /* ContainerLog in Frameworks */,
				981C242A2FFB42A60070E6E4 /* ContainerImagesService in Frameworks */,
				981C24C52FFB42EC0070E6E4 /* DockerComposeParser in Frameworks */,
				981C24292FFB42A60070E6E4 /* ContainerCommands in Frameworks */,
				981C24282FFB42A60070E6E4 /* ContainerBuild in Frameworks */,
				981C24272FFB42A60070E6E4 /* ContainerAPIService in Frameworks */,
				981C24262FFB42A60070E6E4 /* ContainerAPIClient in Frameworks */,
				981C24252FFB42A60070E6E4 /* SocketForwarder in Frameworks */,
				981C24242FFB42A60070E6E4 /* ContainerXPC in Frameworks */,
				981C24232FFB42A60070E6E4 /* ContainerVersion in Frameworks */,
				981C24222FFB42A60070E6E4 /* ContainerPlugin in Frameworks */,
				981C24212FFB42A60070E6E4 /* ContainerPersistence in Frameworks */,
				981C24202FFB42A60070E6E4 /* ContainerLog in Frameworks */,
				981C241F2FFB42A60070E6E4 /* ContainerImagesService in Frameworks */,
				981C241E2FFB42A60070E6E4 /* ContainerCommands in Frameworks */,
				981C241D2FFB42A60070E6E4 /* ContainerAPIService in Frameworks */,
				981C241C2FFB42A60070E6E4 /* SocketForwarder in Frameworks */,
				981C241B2FFB42A60070E6E4 /* ContainerXPC in Frameworks */,
				981C241A2FFB42A60070E6E4 /* ContainerVersion in Frameworks */,
				981C24192FFB42A60070E6E4 /* ContainerPlugin in Frameworks */,
				981C24182FFB42A60070E6E4 /* ContainerPersistence in Frameworks */,
				981C24172FFB42A60070E6E4 /* ContainerLog in Frameworks */,
				981C24162FFB42A60070E6E4 /* ContainerImagesService in Frameworks */,
				981C23FD2FFB41FC0070E6E4 /* ContainerOS in Frameworks */,
				981C24112FFB41FC0070E6E4 /* MachineAPIService in Frameworks */,
				981C24132FFB41FC0070E6E4 /* SocketForwarder in Frameworks */,
				981C24032FFB41FC0070E6E4 /* ContainerResource in Frameworks */,
				981C240D2FFB41FC0070E6E4 /* ContainerXPC in Frameworks */,
				981C240F2FFB41FC0070E6E4 /* MachineAPIClient in Frameworks */,
				981C24012FFB41FC0070E6E4 /* ContainerPlugin in Frameworks */,
				981C24152FFB41FC0070E6E4 /* TerminalProgress in Frameworks */,
				981C23EB2FFB41FC0070E6E4 /* ContainerAPIClient in Frameworks */,
				981C24072FFB41FC0070E6E4 /* ContainerRuntimeLinuxClient in Frameworks */,
				981C24052FFB41FC0070E6E4 /* ContainerRuntimeClient in Frameworks */,
				981C23EF2FFB41FC0070E6E4 /* ContainerBuild in Frameworks */,
				981C23F92FFB41FC0070E6E4 /* ContainerNetworkServer in Frameworks */,
				981C23F12FFB41FC0070E6E4 /* ContainerCommands in Frameworks */,
				981C24092FFB41FC0070E6E4 /* ContainerRuntimeLinuxServer in Frameworks */,
				981C23F52FFB41FC0070E6E4 /* ContainerLog in Frameworks */,
				981C23FB2FFB41FC0070E6E4 /* ContainerNetworkVmnetServer in Frameworks */,
				981C23F72FFB41FC0070E6E4 /* ContainerNetworkClient in Frameworks */,
				981C23FF2FFB41FC0070E6E4 /* ContainerPersistence in Frameworks */,
				981C23ED2FFB41FC0070E6E4 /* ContainerAPIService in Frameworks */,
				981C23F32FFB41FC0070E6E4 /* ContainerImagesService in Frameworks */,
				981C240B2FFB41FC0070E6E4 /* ContainerVersion in Frameworks */,
			);
			runOnlyForDeploymentPostprocessing = 0;
		};
/* End PBXFrameworksBuildPhase section */

/* Begin PBXGroup section */
		9829EC392E17BA3C00A9F8D3 = {
			isa = PBXGroup;
			children = (
				983B3D142E71389C005E1934 /* .gitignore */,
				983B3D152E71389C005E1934 /* LICENSE */,
				9863C6DD2E711F3900C4AE3C /* ReadmeAssets */,
				9860436E2E6D4A8700FA9B43 /* README.md */,
				9829EC442E17BA3C00A9F8D3 /* AppleContainerDesktop */,
				986D17552E7BCB1000C8127F /* Frameworks */,
				9829EC432E17BA3C00A9F8D3 /* Products */,
			);
			sourceTree = "<group>";
		};
		9829EC432E17BA3C00A9F8D3 /* Products */ = {
			isa = PBXGroup;
			children = (
				9829EC422E17BA3C00A9F8D3 /* AppleContainerDesktop.app */,
			);
			name = Products;
			sourceTree = "<group>";
		};
		986D17552E7BCB1000C8127F /* Frameworks */ = {
			isa = PBXGroup;
			children = (
			);
			name = Frameworks;
			sourceTree = "<group>";
		};
/* End PBXGroup section */

/* Begin PBXNativeTarget section */
		9829EC412E17BA3C00A9F8D3 /* AppleContainerDesktop */ = {
			isa = PBXNativeTarget;
			buildConfigurationList = 9829EC4D2E17BA3D00A9F8D3 /* Build configuration list for PBXNativeTarget "AppleContainerDesktop" */;
			buildPhases = (
				9829EC3E2E17BA3C00A9F8D3 /* Sources */,
				9829EC3F2E17BA3C00A9F8D3 /* Frameworks */,
				9829EC402E17BA3C00A9F8D3 /* Resources */,
			);
			buildRules = (
			);
			dependencies = (
			);
			fileSystemSynchronizedGroups = (
				9829EC442E17BA3C00A9F8D3 /* AppleContainerDesktop */,
			);
			name = AppleContainerDesktop;
			packageProductDependencies = (
				98F2D4D82E6BF5A300633147 /* ContainerImagesService */,
				98F2D4DA2E6BF5A300633147 /* ContainerLog */,
				98F2D4DE2E6BF5A300633147 /* ContainerPersistence */,
				98F2D4E02E6BF5A300633147 /* ContainerPlugin */,
				98F2D4E42E6BF5A300633147 /* ContainerVersion */,
				98F2D4E62E6BF5A300633147 /* ContainerXPC */,
				98F2D4E82E6BF5A300633147 /* SocketForwarder */,
				98EB540B2E8CD3A900AC749B /* ContainerAPIService */,
				98EB54112E8CD3A900AC749B /* ContainerCommands */,
				98EB54132E8CD3A900AC749B /* ContainerImagesService */,
				98EB54152E8CD3A900AC749B /* ContainerLog */,
				98EB54192E8CD3A900AC749B /* ContainerPersistence */,
				98EB541B2E8CD3A900AC749B /* ContainerPlugin */,
				98EB541F2E8CD3A900AC749B /* ContainerVersion */,
				98EB54212E8CD3A900AC749B /* ContainerXPC */,
				98EB54232E8CD3A900AC749B /* SocketForwarder */,
				98AFA3592FF9F66C0044EC75 /* ContainerAPIClient */,
				98AFA35B2FF9F66C0044EC75 /* ContainerAPIService */,
				98AFA35D2FF9F66C0044EC75 /* ContainerBuild */,
				98AFA35F2FF9F66C0044EC75 /* ContainerCommands */,
				98AFA3612FF9F66C0044EC75 /* ContainerImagesService */,
				98AFA3632FF9F66C0044EC75 /* ContainerLog */,
				98AFA3652FF9F66C0044EC75 /* ContainerNetworkClient */,
				98AFA3672FF9F66C0044EC75 /* ContainerNetworkServer */,
				98AFA3692FF9F66C0044EC75 /* ContainerNetworkVmnetServer */,
				98AFA36B2FF9F66C0044EC75 /* ContainerOS */,
				98AFA36D2FF9F66C0044EC75 /* ContainerPersistence */,
				98AFA36F2FF9F66C0044EC75 /* ContainerPlugin */,
				98AFA3712FF9F66C0044EC75 /* ContainerResource */,
				98AFA3732FF9F66C0044EC75 /* ContainerRuntimeClient */,
				98AFA3752FF9F66C0044EC75 /* ContainerRuntimeLinuxClient */,
				98AFA3772FF9F66C0044EC75 /* ContainerRuntimeLinuxServer */,
				98AFA3792FF9F66C0044EC75 /* ContainerVersion */,
				98AFA37B2FF9F66C0044EC75 /* ContainerXPC */,
				98AFA37D2FF9F66C0044EC75 /* MachineAPIClient */,
				98AFA37F2FF9F66C0044EC75 /* MachineAPIService */,
				98AFA3812FF9F66C0044EC75 /* SocketForwarder */,
				98AFA3832FF9F66C0044EC75 /* TerminalProgress */,
				981C23EA2FFB41FC0070E6E4 /* ContainerAPIClient */,
				981C23EC2FFB41FC0070E6E4 /* ContainerAPIService */,
				981C23EE2FFB41FC0070E6E4 /* ContainerBuild */,
				981C23F02FFB41FC0070E6E4 /* ContainerCommands */,
				981C23F22FFB41FC0070E6E4 /* ContainerImagesService */,
				981C23F42FFB41FC0070E6E4 /* ContainerLog */,
				981C23F62FFB41FC0070E6E4 /* ContainerNetworkClient */,
				981C23F82FFB41FC0070E6E4 /* ContainerNetworkServer */,
				981C23FA2FFB41FC0070E6E4 /* ContainerNetworkVmnetServer */,
				981C23FC2FFB41FC0070E6E4 /* ContainerOS */,
				981C23FE2FFB41FC0070E6E4 /* ContainerPersistence */,
				981C24002FFB41FC0070E6E4 /* ContainerPlugin */,
				981C24022FFB41FC0070E6E4 /* ContainerResource */,
				981C24042FFB41FC0070E6E4 /* ContainerRuntimeClient */,
				981C24062FFB41FC0070E6E4 /* ContainerRuntimeLinuxClient */,
				981C24082FFB41FC0070E6E4 /* ContainerRuntimeLinuxServer */,
				981C240A2FFB41FC0070E6E4 /* ContainerVersion */,
				981C240C2FFB41FC0070E6E4 /* ContainerXPC */,
				981C240E2FFB41FC0070E6E4 /* MachineAPIClient */,
				981C24102FFB41FC0070E6E4 /* MachineAPIService */,
				981C24122FFB41FC0070E6E4 /* SocketForwarder */,
				981C24142FFB41FC0070E6E4 /* TerminalProgress */,
				981C24C42FFB42EC0070E6E4 /* DockerComposeParser */,
			);
			productName = AppleContainerDesktop;
			productReference = 9829EC422E17BA3C00A9F8D3 /* AppleContainerDesktop.app */;
			productType = "com.apple.product-type.application";
		};
/* End PBXNativeTarget section */

/* Begin PBXProject section */
		9829EC3A2E17BA3C00A9F8D3 /* Project object */ = {
			isa = PBXProject;
			attributes = {
				BuildIndependentTargetsInParallel = 1;
				LastSwiftUpdateCheck = 2600;
				LastUpgradeCheck = 2610;
				TargetAttributes = {
					9829EC412E17BA3C00A9F8D3 = {
						CreatedOnToolsVersion = 26.0;
					};
				};
			};
			buildConfigurationList = 9829EC3D2E17BA3C00A9F8D3 /* Build configuration list for PBXProject "AppleContainerDesktop" */;
			developmentRegion = en;
			hasScannedForEncodings = 0;
			knownRegions = (
				en,
				Base,
			);
			mainGroup = 9829EC392E17BA3C00A9F8D3;
			minimizedProjectReferenceProxies = 1;
			packageReferences = (
				981C23E92FFB41FC0070E6E4 /* XCRemoteSwiftPackageReference "container" */,
				981C24C32FFB42EC0070E6E4 /* XCLocalSwiftPackageReference "../DockerComposeParser" */,
			);
			preferredProjectObjectVersion = 77;
			productRefGroup = 9829EC432E17BA3C00A9F8D3 /* Products */;
			projectDirPath = "";
			projectRoot = "";
			targets = (
				9829EC412E17BA3C00A9F8D3 /* AppleContainerDesktop */,
			);
		};
/* End PBXProject section */

/* Begin PBXResourcesBuildPhase section */
		9829EC402E17BA3C00A9F8D3 /* Resources */ = {
			isa = PBXResourcesBuildPhase;
			buildActionMask = 2147483647;
			files = (
			);
			runOnlyForDeploymentPostprocessing = 0;
		};
/* End PBXResourcesBuildPhase section */

/* Begin PBXSourcesBuildPhase section */
		9829EC3E2E17BA3C00A9F8D3 /* Sources */ = {
			isa = PBXSourcesBuildPhase;
			buildActionMask = 2147483647;
			files = (
			);
			runOnlyForDeploymentPostprocessing = 0;
		};
/* End PBXSourcesBuildPhase section */

/* Begin XCBuildConfiguration section */
		9829EC4B2E17BA3D00A9F8D3 /* Debug */ = {
			isa = XCBuildConfiguration;
			buildSettings = {
				ALWAYS_SEARCH_USER_PATHS = NO;
				ASSETCATALOG_COMPILER_GENERATE_SWIFT_ASSET_SYMBOL_EXTENSIONS = YES;
				CLANG_ANALYZER_NONNULL = YES;
				CLANG_ANALYZER_NUMBER_OBJECT_CONVERSION = YES_AGGRESSIVE;
				CLANG_CXX_LANGUAGE_STANDARD = "gnu++20";
				CLANG_ENABLE_MODULES = YES;
				CLANG_ENABLE_OBJC_ARC = YES;
				CLANG_ENABLE_OBJC_WEAK = YES;
				CLANG_WARN_BLOCK_CAPTURE_AUTORELEASING = YES;
				CLANG_WARN_BOOL_CONVERSION = YES;
				CLANG_WARN_COMMA = YES;
				CLANG_WARN_CONSTANT_CONVERSION = YES;
				CLANG_WARN_DEPRECATED_OBJC_IMPLEMENTATIONS = YES;
				CLANG_WARN_DIRECT_OBJC_ISA_USAGE = YES_ERROR;
				CLANG_WARN_DOCUMENTATION_COMMENTS = YES;
				CLANG_WARN_EMPTY_BODY = YES;
				CLANG_WARN_ENUM_CONVERSION = YES;
				CLANG_WARN_INFINITE_RECURSION = YES;
				CLANG_WARN_INT_CONVERSION = YES;
				CLANG_WARN_NON_LITERAL_NULL_CONVERSION = YES;
				CLANG_WARN_OBJC_IMPLICIT_RETAIN_SELF = YES;
				CLANG_WARN_OBJC_LITERAL_CONVERSION = YES;
				CLANG_WARN_OBJC_ROOT_CLASS = YES_ERROR;
				CLANG_WARN_QUOTED_INCLUDE_IN_FRAMEWORK_HEADER = YES;
				CLANG_WARN_RANGE_LOOP_ANALYSIS = YES;
				CLANG_WARN_STRICT_PROTOTYPES = YES;
				CLANG_WARN_SUSPICIOUS_MOVE = YES;
				CLANG_WARN_UNGUARDED_AVAILABILITY = YES_AGGRESSIVE;
				CLANG_WARN_UNREACHABLE_CODE = YES;
				CLANG_WARN__DUPLICATE_METHOD_MATCH = YES;
				COPY_PHASE_STRIP = NO;
				DEAD_CODE_STRIPPING = YES;
				DEBUG_INFORMATION_FORMAT = dwarf;
				DEVELOPMENT_TEAM = NLTYK5T6U3;
				ENABLE_STRICT_OBJC_MSGSEND = YES;
				ENABLE_TESTABILITY = YES;
				ENABLE_USER_SCRIPT_SANDBOXING = YES;
				GCC_C_LANGUAGE_STANDARD = gnu17;
				GCC_DYNAMIC_NO_PIC = NO;
				GCC_NO_COMMON_BLOCKS = YES;
				GCC_OPTIMIZATION_LEVEL = 0;
				GCC_PREPROCESSOR_DEFINITIONS = (
					"DEBUG=1",
					"$(inherited)",
				);
				GCC_WARN_64_TO_32_BIT_CONVERSION = YES;
				GCC_WARN_ABOUT_RETURN_TYPE = YES_ERROR;
				GCC_WARN_UNDECLARED_SELECTOR = YES;
				GCC_WARN_UNINITIALIZED_AUTOS = YES_AGGRESSIVE;
				GCC_WARN_UNUSED_FUNCTION = YES;
				GCC_WARN_UNUSED_VARIABLE = YES;
				LOCALIZATION_PREFERS_STRING_CATALOGS = YES;
				MACOSX_DEPLOYMENT_TARGET = 26.0;
				MTL_ENABLE_DEBUG_INFO = INCLUDE_SOURCE;
				MTL_FAST_MATH = YES;
				ONLY_ACTIVE_ARCH = YES;
				SDKROOT = macosx;
				STRING_CATALOG_GENERATE_SYMBOLS = YES;
				SWIFT_ACTIVE_COMPILATION_CONDITIONS = "DEBUG $(inherited)";
				SWIFT_OPTIMIZATION_LEVEL = "-Onone";
				SWIFT_VERSION = 6.0;
			};
			name = Debug;
		};
		9829EC4C2E17BA3D00A9F8D3 /* Release */ = {
			isa = XCBuildConfiguration;
			buildSettings = {
				ALWAYS_SEARCH_USER_PATHS = NO;
				ASSETCATALOG_COMPILER_GENERATE_SWIFT_ASSET_SYMBOL_EXTENSIONS = YES;
				CLANG_ANALYZER_NONNULL = YES;
				CLANG_ANALYZER_NUMBER_OBJECT_CONVERSION = YES_AGGRESSIVE;
				CLANG_CXX_LANGUAGE_STANDARD = "gnu++20";
				CLANG_ENABLE_MODULES = YES;
				CLANG_ENABLE_OBJC_ARC = YES;
				CLANG_ENABLE_OBJC_WEAK = YES;
				CLANG_WARN_BLOCK_CAPTURE_AUTORELEASING = YES;
				CLANG_WARN_BOOL_CONVERSION = YES;
				CLANG_WARN_COMMA = YES;
				CLANG_WARN_CONSTANT_CONVERSION = YES;
				CLANG_WARN_DEPRECATED_OBJC_IMPLEMENTATIONS = YES;
				CLANG_WARN_DIRECT_OBJC_ISA_USAGE = YES_ERROR;
				CLANG_WARN_DOCUMENTATION_COMMENTS = YES;
				CLANG_WARN_EMPTY_BODY = YES;
				CLANG_WARN_ENUM_CONVERSION = YES;
				CLANG_WARN_INFINITE_RECURSION = YES;
				CLANG_WARN_INT_CONVERSION = YES;
				CLANG_WARN_NON_LITERAL_NULL_CONVERSION = YES;
				CLANG_WARN_OBJC_IMPLICIT_RETAIN_SELF = YES;
				CLANG_WARN_OBJC_LITERAL_CONVERSION = YES;
				CLANG_WARN_OBJC_ROOT_CLASS = YES_ERROR;
				CLANG_WARN_QUOTED_INCLUDE_IN_FRAMEWORK_HEADER = YES;
				CLANG_WARN_RANGE_LOOP_ANALYSIS = YES;
				CLANG_WARN_STRICT_PROTOTYPES = YES;
				CLANG_WARN_SUSPICIOUS_MOVE = YES;
				CLANG_WARN_UNGUARDED_AVAILABILITY = YES_AGGRESSIVE;
				CLANG_WARN_UNREACHABLE_CODE = YES;
				CLANG_WARN__DUPLICATE_METHOD_MATCH = YES;
				COPY_PHASE_STRIP = NO;
				DEAD_CODE_STRIPPING = YES;
				DEBUG_INFORMATION_FORMAT = "dwarf-with-dsym";
				DEVELOPMENT_TEAM = NLTYK5T6U3;
				ENABLE_NS_ASSERTIONS = NO;
				ENABLE_STRICT_OBJC_MSGSEND = YES;
				ENABLE_USER_SCRIPT_SANDBOXING = YES;
				GCC_C_LANGUAGE_STANDARD = gnu17;
				GCC_NO_COMMON_BLOCKS = YES;
				GCC_WARN_64_TO_32_BIT_CONVERSION = YES;
				GCC_WARN_ABOUT_RETURN_TYPE = YES_ERROR;
				GCC_WARN_UNDECLARED_SELECTOR = YES;
				GCC_WARN_UNINITIALIZED_AUTOS = YES_AGGRESSIVE;
				GCC_WARN_UNUSED_FUNCTION = YES;
				GCC_WARN_UNUSED_VARIABLE = YES;
				LOCALIZATION_PREFERS_STRING_CATALOGS = YES;
				MACOSX_DEPLOYMENT_TARGET = 26.0;
				MTL_ENABLE_DEBUG_INFO = NO;
				MTL_FAST_MATH = YES;
				SDKROOT = macosx;
				STRING_CATALOG_GENERATE_SYMBOLS = YES;
				SWIFT_COMPILATION_MODE = wholemodule;
				SWIFT_VERSION = 6.0;
			};
			name = Release;
		};
		9829EC4E2E17BA3D00A9F8D3 /* Debug */ = {
			isa = XCBuildConfiguration;
			buildSettings = {
				ASSETCATALOG_COMPILER_APPICON_NAME = AppIcon;
				ASSETCATALOG_COMPILER_GLOBAL_ACCENT_COLOR_NAME = AccentColor;
				AUTOMATION_APPLE_EVENTS = NO;
				CODE_SIGN_STYLE = Automatic;
				COMBINE_HIDPI_IMAGES = YES;
				CURRENT_PROJECT_VERSION = 1;
				DEAD_CODE_STRIPPING = YES;
				ENABLE_APP_SANDBOX = NO;
				ENABLE_HARDENED_RUNTIME = YES;
				ENABLE_PREVIEWS = YES;
				ENABLE_RESOURCE_ACCESS_AUDIO_INPUT = NO;
				ENABLE_RESOURCE_ACCESS_CALENDARS = NO;
				ENABLE_RESOURCE_ACCESS_CAMERA = NO;
				ENABLE_RESOURCE_ACCESS_CONTACTS = NO;
				ENABLE_RESOURCE_ACCESS_LOCATION = NO;
				ENABLE_RESOURCE_ACCESS_PHOTO_LIBRARY = NO;
				GENERATE_INFOPLIST_FILE = YES;
				INFOPLIST_KEY_LSApplicationCategoryType = "public.app-category.productivity";
				INFOPLIST_KEY_LSUIElement = YES;
				INFOPLIST_KEY_NSHumanReadableCopyright = "";
				INFOPLIST_KEY_UIUserInterfaceStyle = Dark;
				LD_RUNPATH_SEARCH_PATHS = (
					"$(inherited)",
					"@executable_path/../Frameworks",
				);
				MARKETING_VERSION = 1.2;
				PRODUCT_BUNDLE_IDENTIFIER = itsuki.enjoy.AppleContainerDesktop;
				PRODUCT_NAME = "$(TARGET_NAME)";
				REGISTER_APP_GROUPS = YES;
				RUNTIME_EXCEPTION_ALLOW_DYLD_ENVIRONMENT_VARIABLES = NO;
				RUNTIME_EXCEPTION_ALLOW_JIT = NO;
				RUNTIME_EXCEPTION_ALLOW_UNSIGNED_EXECUTABLE_MEMORY = NO;
				RUNTIME_EXCEPTION_DEBUGGING_TOOL = NO;
				RUNTIME_EXCEPTION_DISABLE_EXECUTABLE_PAGE_PROTECTION = NO;
				RUNTIME_EXCEPTION_DISABLE_LIBRARY_VALIDATION = NO;
				STRING_CATALOG_GENERATE_SYMBOLS = YES;
				SWIFT_DEFAULT_ACTOR_ISOLATION = MainActor;
				SWIFT_EMIT_LOC_STRINGS = YES;
				SWIFT_UPCOMING_FEATURE_MEMBER_IMPORT_VISIBILITY = YES;
				SWIFT_VERSION = 6.0;
			};
			name = Debug;
		};
		9829EC4F2E17BA3D00A9F8D3 /* Release */ = {
			isa = XCBuildConfiguration;
			buildSettings = {
				ASSETCATALOG_COMPILER_APPICON_NAME = AppIcon;
				ASSETCATALOG_COMPILER_GLOBAL_ACCENT_COLOR_NAME = AccentColor;
				AUTOMATION_APPLE_EVENTS = NO;
				CODE_SIGN_STYLE = Automatic;
				COMBINE_HIDPI_IMAGES = YES;
				CURRENT_PROJECT_VERSION = 1;
				DEAD_CODE_STRIPPING = YES;
				ENABLE_APP_SANDBOX = NO;
				ENABLE_HARDENED_RUNTIME = YES;
				ENABLE_PREVIEWS = YES;
				ENABLE_RESOURCE_ACCESS_AUDIO_INPUT = NO;
				ENABLE_RESOURCE_ACCESS_CALENDARS = NO;
				ENABLE_RESOURCE_ACCESS_CAMERA = NO;
				ENABLE_RESOURCE_ACCESS_CONTACTS = NO;
				ENABLE_RESOURCE_ACCESS_LOCATION = NO;
				ENABLE_RESOURCE_ACCESS_PHOTO_LIBRARY = NO;
				GENERATE_INFOPLIST_FILE = YES;
				INFOPLIST_KEY_LSApplicationCategoryType = "public.app-category.productivity";
				INFOPLIST_KEY_LSUIElement = YES;
				INFOPLIST_KEY_NSHumanReadableCopyright = "";
				INFOPLIST_KEY_UIUserInterfaceStyle = Dark;
				LD_RUNPATH_SEARCH_PATHS = (
					"$(inherited)",
					"@executable_path/../Frameworks",
				);
				MARKETING_VERSION = 1.2;
				PRODUCT_BUNDLE_IDENTIFIER = itsuki.enjoy.AppleContainerDesktop;
				PRODUCT_NAME = "$(TARGET_NAME)";
				REGISTER_APP_GROUPS = YES;
				RUNTIME_EXCEPTION_ALLOW_DYLD_ENVIRONMENT_VARIABLES = NO;
				RUNTIME_EXCEPTION_ALLOW_JIT = NO;
				RUNTIME_EXCEPTION_ALLOW_UNSIGNED_EXECUTABLE_MEMORY = NO;
				RUNTIME_EXCEPTION_DEBUGGING_TOOL = NO;
				RUNTIME_EXCEPTION_DISABLE_EXECUTABLE_PAGE_PROTECTION = NO;
				RUNTIME_EXCEPTION_DISABLE_LIBRARY_VALIDATION = NO;
				STRING_CATALOG_GENERATE_SYMBOLS = YES;
				SWIFT_DEFAULT_ACTOR_ISOLATION = MainActor;
				SWIFT_EMIT_LOC_STRINGS = YES;
				SWIFT_UPCOMING_FEATURE_MEMBER_IMPORT_VISIBILITY = YES;
				SWIFT_VERSION = 6.0;
			};
			name = Release;
		};
/* End XCBuildConfiguration section */

/* Begin XCConfigurationList section */
		9829EC3D2E17BA3C00A9F8D3 /* Build configuration list for PBXProject "AppleContainerDesktop" */ = {
			isa = XCConfigurationList;
			buildConfigurations = (
				9829EC4B2E17BA3D00A9F8D3 /* Debug */,
				9829EC4C2E17BA3D00A9F8D3 /* Release */,
			);
			defaultConfigurationIsVisible = 0;
			defaultConfigurationName = Release;
		};
		9829EC4D2E17BA3D00A9F8D3 /* Build configuration list for PBXNativeTarget "AppleContainerDesktop" */ = {
			isa = XCConfigurationList;
			buildConfigurations = (
				9829EC4E2E17BA3D00A9F8D3 /* Debug */,
				9829EC4F2E17BA3D00A9F8D3 /* Release */,
			);
			defaultConfigurationIsVisible = 0;
			defaultConfigurationName = Release;
		};
/* End XCConfigurationList section */

/* Begin XCLocalSwiftPackageReference section */
		981C24C32FFB42EC0070E6E4 /* XCLocalSwiftPackageReference "../DockerComposeParser" */ = {
			isa = XCLocalSwiftPackageReference;
			relativePath = ../DockerComposeParser;
		};
/* End XCLocalSwiftPackageReference section */

/* Begin XCRemoteSwiftPackageReference section */
		981C23E92FFB41FC0070E6E4 /* XCRemoteSwiftPackageReference "container" */ = {
			isa = XCRemoteSwiftPackageReference;
			repositoryURL = "https://github.com/apple/container";
			requirement = {
				kind = upToNextMajorVersion;
				minimumVersion = 1.0.0;
			};
		};
/* End XCRemoteSwiftPackageReference section */

/* Begin XCSwiftPackageProductDependency section */
		981C23EA2FFB41FC0070E6E4 /* ContainerAPIClient */ = {
			isa = XCSwiftPackageProductDependency;
			package = 981C23E92FFB41FC0070E6E4 /* XCRemoteSwiftPackageReference "container" */;
			productName = ContainerAPIClient;
		};
		981C23EC2FFB41FC0070E6E4 /* ContainerAPIService */ = {
			isa = XCSwiftPackageProductDependency;
			package = 981C23E92FFB41FC0070E6E4 /* XCRemoteSwiftPackageReference "container" */;
			productName = ContainerAPIService;
		};
		981C23EE2FFB41FC0070E6E4 /* ContainerBuild */ = {
			isa = XCSwiftPackageProductDependency;
			package = 981C23E92FFB41FC0070E6E4 /* XCRemoteSwiftPackageReference "container" */;
			productName = ContainerBuild;
		};
		981C23F02FFB41FC0070E6E4 /* ContainerCommands */ = {
			isa = XCSwiftPackageProductDependency;
			package = 981C23E92FFB41FC0070E6E4 /* XCRemoteSwiftPackageReference "container" */;
			productName = ContainerCommands;
		};
		981C23F22FFB41FC0070E6E4 /* ContainerImagesService */ = {
			isa = XCSwiftPackageProductDependency;
			package = 981C23E92FFB41FC0070E6E4 /* XCRemoteSwiftPackageReference "container" */;
			productName = ContainerImagesService;
		};
		981C23F42FFB41FC0070E6E4 /* ContainerLog */ = {
			isa = XCSwiftPackageProductDependency;
			package = 981C23E92FFB41FC0070E6E4 /* XCRemoteSwiftPackageReference "container" */;
			productName = ContainerLog;
		};
		981C23F62FFB41FC0070E6E4 /* ContainerNetworkClient */ = {
			isa = XCSwiftPackageProductDependency;
			package = 981C23E92FFB41FC0070E6E4 /* XCRemoteSwiftPackageReference "container" */;
			productName = ContainerNetworkClient;
		};
		981C23F82FFB41FC0070E6E4 /* ContainerNetworkServer */ = {
			isa = XCSwiftPackageProductDependency;
			package = 981C23E92FFB41FC0070E6E4 /* XCRemoteSwiftPackageReference "container" */;
			productName = ContainerNetworkServer;
		};
		981C23FA2FFB41FC0070E6E4 /* ContainerNetworkVmnetServer */ = {
			isa = XCSwiftPackageProductDependency;
			package = 981C23E92FFB41FC0070E6E4 /* XCRemoteSwiftPackageReference "container" */;
			productName = ContainerNetworkVmnetServer;
		};
		981C23FC2FFB41FC0070E6E4 /* ContainerOS */ = {
			isa = XCSwiftPackageProductDependency;
			package = 981C23E92FFB41FC0070E6E4 /* XCRemoteSwiftPackageReference "container" */;
			productName = ContainerOS;
		};
		981C23FE2FFB41FC0070E6E4 /* ContainerPersistence */ = {
			isa = XCSwiftPackageProductDependency;
			package = 981C23E92FFB41FC0070E6E4 /* XCRemoteSwiftPackageReference "container" */;
			productName = ContainerPersistence;
		};
		981C24002FFB41FC0070E6E4 /* ContainerPlugin */ = {
			isa = XCSwiftPackageProductDependency;
			package = 981C23E92FFB41FC0070E6E4 /* XCRemoteSwiftPackageReference "container" */;
			productName = ContainerPlugin;
		};
		981C24022FFB41FC0070E6E4 /* ContainerResource */ = {
			isa = XCSwiftPackageProductDependency;
			package = 981C23E92FFB41FC0070E6E4 /* XCRemoteSwiftPackageReference "container" */;
			productName = ContainerResource;
		};
		981C24042FFB41FC0070E6E4 /* ContainerRuntimeClient */ = {
			isa = XCSwiftPackageProductDependency;
			package = 981C23E92FFB41FC0070E6E4 /* XCRemoteSwiftPackageReference "container" */;
			productName = ContainerRuntimeClient;
		};
		981C24062FFB41FC0070E6E4 /* ContainerRuntimeLinuxClient */ = {
			isa = XCSwiftPackageProductDependency;
			package = 981C23E92FFB41FC0070E6E4 /* XCRemoteSwiftPackageReference "container" */;
			productName = ContainerRuntimeLinuxClient;
		};
		981C24082FFB41FC0070E6E4 /* ContainerRuntimeLinuxServer */ = {
			isa = XCSwiftPackageProductDependency;
			package = 981C23E92FFB41FC0070E6E4 /* XCRemoteSwiftPackageReference "container" */;
			productName = ContainerRuntimeLinuxServer;
		};
		981C240A2FFB41FC0070E6E4 /* ContainerVersion */ = {
			isa = XCSwiftPackageProductDependency;
			package = 981C23E92FFB41FC0070E6E4 /* XCRemoteSwiftPackageReference "container" */;
			productName = ContainerVersion;
		};
		981C240C2FFB41FC0070E6E4 /* ContainerXPC */ = {
			isa = XCSwiftPackageProductDependency;
			package = 981C23E92FFB41FC0070E6E4 /* XCRemoteSwiftPackageReference "container" */;
			productName = ContainerXPC;
		};
		981C240E2FFB41FC0070E6E4 /* MachineAPIClient */ = {
			isa = XCSwiftPackageProductDependency;
			package = 981C23E92FFB41FC0070E6E4 /* XCRemoteSwiftPackageReference "container" */;
			productName = MachineAPIClient;
		};
		981C24102FFB41FC0070E6E4 /* MachineAPIService */ = {
			isa = XCSwiftPackageProductDependency;
			package = 981C23E92FFB41FC0070E6E4 /* XCRemoteSwiftPackageReference "container" */;
			productName = MachineAPIService;
		};
		981C24122FFB41FC0070E6E4 /* SocketForwarder */ = {
			isa = XCSwiftPackageProductDependency;
			package = 981C23E92FFB41FC0070E6E4 /* XCRemoteSwiftPackageReference "container" */;
			productName = SocketForwarder;
		};
		981C24142FFB41FC0070E6E4 /* TerminalProgress */ = {
			isa = XCSwiftPackageProductDependency;
			package = 981C23E92FFB41FC0070E6E4 /* XCRemoteSwiftPackageReference "container" */;
			productName = TerminalProgress;
		};
		981C24C42FFB42EC0070E6E4 /* DockerComposeParser */ = {
			isa = XCSwiftPackageProductDependency;
			productName = DockerComposeParser;
		};
		98AFA3592FF9F66C0044EC75 /* ContainerAPIClient */ = {
			isa = XCSwiftPackageProductDependency;
			productName = ContainerAPIClient;
		};
		98AFA35B2FF9F66C0044EC75 /* ContainerAPIService */ = {
			isa = XCSwiftPackageProductDependency;
			productName = ContainerAPIService;
		};
		98AFA35D2FF9F66C0044EC75 /* ContainerBuild */ = {
			isa = XCSwiftPackageProductDependency;
			productName = ContainerBuild;
		};
		98AFA35F2FF9F66C0044EC75 /* ContainerCommands */ = {
			isa = XCSwiftPackageProductDependency;
			productName = ContainerCommands;
		};
		98AFA3612FF9F66C0044EC75 /* ContainerImagesService */ = {
			isa = XCSwiftPackageProductDependency;
			productName = ContainerImagesService;
		};
		98AFA3632FF9F66C0044EC75 /* ContainerLog */ = {
			isa = XCSwiftPackageProductDependency;
			productName = ContainerLog;
		};
		98AFA3652FF9F66C0044EC75 /* ContainerNetworkClient */ = {
			isa = XCSwiftPackageProductDependency;
			productName = ContainerNetworkClient;
		};
		98AFA3672FF9F66C0044EC75 /* ContainerNetworkServer */ = {
			isa = XCSwiftPackageProductDependency;
			productName = ContainerNetworkServer;
		};
		98AFA3692FF9F66C0044EC75 /* ContainerNetworkVmnetServer */ = {
			isa = XCSwiftPackageProductDependency;
			productName = ContainerNetworkVmnetServer;
		};
		98AFA36B2FF9F66C0044EC75 /* ContainerOS */ = {
			isa = XCSwiftPackageProductDependency;
			productName = ContainerOS;
		};
		98AFA36D2FF9F66C0044EC75 /* ContainerPersistence */ = {
			isa = XCSwiftPackageProductDependency;
			productName = ContainerPersistence;
		};
		98AFA36F2FF9F66C0044EC75 /* ContainerPlugin */ = {
			isa = XCSwiftPackageProductDependency;
			productName = ContainerPlugin;
		};
		98AFA3712FF9F66C0044EC75 /* ContainerResource */ = {
			isa = XCSwiftPackageProductDependency;
			productName = ContainerResource;
		};
		98AFA3732FF9F66C0044EC75 /* ContainerRuntimeClient */ = {
			isa = XCSwiftPackageProductDependency;
			productName = ContainerRuntimeClient;
		};
		98AFA3752FF9F66C0044EC75 /* ContainerRuntimeLinuxClient */ = {
			isa = XCSwiftPackageProductDependency;
			productName = ContainerRuntimeLinuxClient;
		};
		98AFA3772FF9F66C0044EC75 /* ContainerRuntimeLinuxServer */ = {
			isa = XCSwiftPackageProductDependency;
			productName = ContainerRuntimeLinuxServer;
		};
		98AFA3792FF9F66C0044EC75 /* ContainerVersion */ = {
			isa = XCSwiftPackageProductDependency;
			productName = ContainerVersion;
		};
		98AFA37B2FF9F66C0044EC75 /* ContainerXPC */ = {
			isa = XCSwiftPackageProductDependency;
			productName = ContainerXPC;
		};
		98AFA37D2FF9F66C0044EC75 /* MachineAPIClient */ = {
			isa = XCSwiftPackageProductDependency;
			productName = MachineAPIClient;
		};
		98AFA37F2FF9F66C0044EC75 /* MachineAPIService */ = {
			isa = XCSwiftPackageProductDependency;
			productName = MachineAPIService;
		};
		98AFA3812FF9F66C0044EC75 /* SocketForwarder */ = {
			isa = XCSwiftPackageProductDependency;
			productName = SocketForwarder;
		};
		98AFA3832FF9F66C0044EC75 /* TerminalProgress */ = {
			isa = XCSwiftPackageProductDependency;
			productName = TerminalProgress;
		};
		98EB540B2E8CD3A900AC749B /* ContainerAPIService */ = {
			isa = XCSwiftPackageProductDependency;
			productName = ContainerAPIService;
		};
		98EB54112E8CD3A900AC749B /* ContainerCommands */ = {
			isa = XCSwiftPackageProductDependency;
			productName = ContainerCommands;
		};
		98EB54132E8CD3A900AC749B /* ContainerImagesService */ = {
			isa = XCSwiftPackageProductDependency;
			productName = ContainerImagesService;
		};
		98EB54152E8CD3A900AC749B /* ContainerLog */ = {
			isa = XCSwiftPackageProductDependency;
			productName = ContainerLog;
		};
		98EB54192E8CD3A900AC749B /* ContainerPersistence */ = {
			isa = XCSwiftPackageProductDependency;
			productName = ContainerPersistence;
		};
		98EB541B2E8CD3A900AC749B /* ContainerPlugin */ = {
			isa = XCSwiftPackageProductDependency;
			productName = ContainerPlugin;
		};
		98EB541F2E8CD3A900AC749B /* ContainerVersion */ = {
			isa = XCSwiftPackageProductDependency;
			productName = ContainerVersion;
		};
		98EB54212E8CD3A900AC749B /* ContainerXPC */ = {
			isa = XCSwiftPackageProductDependency;
			productName = ContainerXPC;
		};
		98EB54232E8CD3A900AC749B /* SocketForwarder */ = {
			isa = XCSwiftPackageProductDependency;
			productName = SocketForwarder;
		};
		98F2D4D82E6BF5A300633147 /* ContainerImagesService */ = {
			isa = XCSwiftPackageProductDependency;
			productName = ContainerImagesService;
		};
		98F2D4DA2E6BF5A300633147 /* ContainerLog */ = {
			isa = XCSwiftPackageProductDependency;
			productName = ContainerLog;
		};
		98F2D4DE2E6BF5A300633147 /* ContainerPersistence */ = {
			isa = XCSwiftPackageProductDependency;
			productName = ContainerPersistence;
		};
		98F2D4E02E6BF5A300633147 /* ContainerPlugin */ = {
			isa = XCSwiftPackageProductDependency;
			productName = ContainerPlugin;
		};
		98F2D4E42E6BF5A300633147 /* ContainerVersion */ = {
			isa = XCSwiftPackageProductDependency;
			productName = ContainerVersion;
		};
		98F2D4E62E6BF5A300633147 /* ContainerXPC */ = {
			isa = XCSwiftPackageProductDependency;
			productName = ContainerXPC;
		};
		98F2D4E82E6BF5A300633147 /* SocketForwarder */ = {
			isa = XCSwiftPackageProductDependency;
			productName = SocketForwarder;
		};
/* End XCSwiftPackageProductDependency section */
	};
	rootObject = 9829EC3A2E17BA3C00A9F8D3 /* Project object */;
}
